
Microsoft Visual Studio Solution File, Format Version 12.00
# Visual Studio Version 17
VisualStudioVersion = 17.5.2.0
MinimumVisualStudioVersion = 10.0.40219.1
Project("{FAE04EC0-301F-11D3-BF4B-00C04F79EFBC}") = "Stronger.Api", "Stronger.Api\Stronger.Api.csproj", "{BEA78DF0-BB1D-9BB2-78F3-FFB6283FC15B}"
EndProject
Project("{FAE04EC0-301F-11D3-BF4B-00C04F79EFBC}") = "Stronger.Infrastructure", "Stronger.Infrastructure\Stronger.Infrastructure.csproj", "{947C5140-6475-47F2-8E7F-EC69CD6169D3}"
EndProject
Project("{FAE04EC0-301F-11D3-BF4B-00C04F79EFBC}") = "Stronger.Domain", "Stronger.Domain\Stronger.Domain.csproj", "{C21478BC-AD42-4E92-B935-3171C66DD75C}"
EndProject
Project("{FAE04EC0-301F-11D3-BF4B-00C04F79EFBC}") = "Stronger.Application", "Stronger.Application\Stronger.Application.csproj", "{5F13F582-E1FD-437C-AE21-77EF193AFC52}"
EndProject
Global
	GlobalSection(SolutionConfigurationPlatforms) = preSolution
		Debug|Any CPU = Debug|Any CPU
		Debug|x64 = Debug|x64
		Debug|x86 = Debug|x86
		Release|Any CPU = Release|Any CPU
		Release|x64 = Release|x64
		Release|x86 = Release|x86
	EndGlobalSection
	GlobalSection(ProjectConfigurationPlatforms) = postSolution
		{BEA78DF0-BB1D-9BB2-78F3-FFB6283FC15B}.Debug|Any CPU.ActiveCfg = Debug|Any CPU
		{BEA78DF0-BB1D-9BB2-78F3-FFB6283FC15B}.Debug|Any CPU.Build.0 = Debug|Any CPU
		{BEA78DF0-BB1D-9BB2-78F3-FFB6283FC15B}.Debug|x64.ActiveCfg = Debug|Any CPU
		{BEA78DF0-BB1D-9BB2-78F3-FFB6283FC15B}.Debug|x64.Build.0 = Debug|Any CPU
		{BEA78DF0-BB1D-9BB2-78F3-FFB6283FC15B}.Debug|x86.ActiveCfg = Debug|Any CPU
		{BEA78DF0-BB1D-9BB2-78F3-FFB6283FC15B}.Debug|x86.Build.0 = Debug|Any CPU
		{BEA78DF0-BB1D-9BB2-78F3-FFB6283FC15B}.Release|Any CPU.ActiveCfg = Release|Any CPU
		{BEA78DF0-BB1D-9BB2-78F3-FFB6283FC15B}.Release|Any CPU.Build.0 = Release|Any CPU
		{BEA78DF0-BB1D-9BB2-78F3-FFB6283FC15B}.Release|x64.ActiveCfg = Release|Any CPU
		{BEA78DF0-BB1D-9BB2-78F3-FFB6283FC15B}.Release|x64.Build.0 = Release|Any CPU
		{BEA78DF0-BB1D-9BB2-78F3-FFB6283FC15B}.Release|x86.ActiveCfg = Release|Any CPU
		{BEA78DF0-BB1D-9BB2-78F3-FFB6283FC15B}.Release|x86.Build.0 = Release|Any CPU
		{947C5140-6475-47F2-8E7F-EC69CD6169D3}.Debug|Any CPU.ActiveCfg = Debug|Any CPU
		{947C5140-6475-47F2-8E7F-EC69CD6169D3}.Debug|Any CPU.Build.0 = Debug|Any CPU
		{947C5140-6475-47F2-8E7F-EC69CD6169D3}.Debug|x64.ActiveCfg = Debug|Any CPU
		{947C5140-6475-47F2-8E7F-EC69CD6169D3}.Debug|x64.Build.0 = Debug|Any CPU
		{947C5140-6475-47F2-8E7F-EC69CD6169D3}.Debug|x86.ActiveCfg = Debug|Any CPU
		{947C5140-6475-47F2-8E7F-EC69CD6169D3}.Debug|x86.Build.0 = Debug|Any CPU
		{947C5140-6475-47F2-8E7F-EC69CD6169D3}.Release|Any CPU.ActiveCfg = Release|Any CPU
		{947C5140-6475-47F2-8E7F-EC69CD6169D3}.Release|Any CPU.Build.0 = Release|Any CPU
		{947C5140-6475-47F2-8E7F-EC69CD6169D3}.Release|x64.ActiveCfg = Release|Any CPU
		{947C5140-6475-47F2-8E7F-EC69CD6169D3}.Release|x64.Build.0 = Release|Any CPU
		{947C5140-6475-47F2-8E7F-EC69CD6169D3}.Release|x86.ActiveCfg = Release|Any CPU
		{947C5140-6475-47F2-8E7F-EC69CD6169D3}.Release|x86.Build.0 = Release|Any CPU
		{C21478BC-AD42-4E92-B935-3171C66DD75C}.Debug|Any CPU.ActiveCfg = Debug|Any CPU
		{C21478BC-AD42-4E92-B935-3171C66DD75C}.Debug|Any CPU.Build.0 = Debug|Any CPU
		{C21478BC-AD42-4E92-B935-3171C66DD75C}.Debug|x64.ActiveCfg = Debug|Any CPU
		{C21478BC-AD42-4E92-B935-3171C66DD75C}.Debug|x64.Build.0 = Debug|Any CPU
		{C21478BC-AD42-4E92-B935-3171C66DD75C}.Debug|x86.ActiveCfg = Debug|Any CPU
		{C21478BC-AD42-4E92-B935-3171C66DD75C}.Debug|x86.Build.0 = Debug|Any CPU
		{C21478BC-AD42-4E92-B935-3171C66DD75C}.Release|Any CPU.ActiveCfg = Release|Any CPU
		{C21478BC-AD42-4E92-B935-3171C66DD75C}.Release|Any CPU.Build.0 = Release|Any CPU
		{C21478BC-AD42-4E92-B935-3171C66DD75C}.Release|x64.ActiveCfg = Release|Any CPU
		{C21478BC-AD42-4E92-B935-3171C66DD75C}.Release|x64.Build.0 = Release|Any CPU
		{C21478BC-AD42-4E92-B935-3171C66DD75C}.Release|x86.ActiveCfg = Release|Any CPU
		{C21478BC-AD42-4E92-B935-3171C66DD75C}.Release|x86.Build.0 = Release|Any CPU
		{5F13F582-E1FD-437C-AE21-77EF193AFC52}.Debug|Any CPU.ActiveCfg = Debug|Any CPU
		{5F13F582-E1FD-437C-AE21-77EF193AFC52}.Debug|Any CPU.Build.0 = Debug|Any CPU
		{5F13F582-E1FD-437C-AE21-77EF193AFC52}.Debug|x64.ActiveCfg = Debug|Any CPU
		{5F13F582-E1FD-437C-AE21-77EF193AFC52}.Debug|x64.Build.0 = Debug|Any CPU
		{5F13F582-E1FD-437C-AE21-77EF193AFC52}.Debug|x86.ActiveCfg = Debug|Any CPU
		{5F13F582-E1FD-437C-AE21-77EF193AFC52}.Debug|x86.Build.0 = Debug|Any CPU
		{5F13F582-E1FD-437C-AE21-77EF193AFC52}.Release|Any CPU.ActiveCfg = Release|Any CPU
		{5F13F582-E1FD-437C-AE21-77EF193AFC52}.Release|Any CPU.Build.0 = Release|Any CPU
		{5F13F582-E1FD-437C-AE21-77EF193AFC52}.Release|x64.ActiveCfg = Release|Any CPU
		{5F13F582-E1FD-437C-AE21-77EF193AFC52}.Release|x64.Build.0 = Release|Any CPU
		{5F13F582-E1FD-437C-AE21-77EF193AFC52}.Release|x86.ActiveCfg = Release|Any CPU
		{5F13F582-E1FD-437C-AE21-77EF193AFC52}.Release|x86.Build.0 = Release|Any CPU
	EndGlobalSection
	GlobalSection(SolutionProperties) = preSolution
		HideSolutionNode = FALSE
	EndGlobalSection
	GlobalSection(ExtensibilityGlobals) = postSolution
		SolutionGuid = {4681995A-7DF7-4B11-A9F1-836EFFE3D0B8}
	EndGlobalSection
EndGlobal
